
Microsoft Visual Studio Solution File, Format Version 12.00
# Visual Studio Version 16
VisualStudioVersion = 16.0.30717.126
MinimumVisualStudioVersion = 10.0.40219.1
Project("{9A19103F-16F7-4668-BE54-9A1E7A4F7556}") = "GarbItAPIService", "GarbItAPIService\GarbItAPIService.csproj", "{C32B1468-DFC0-4EE8-B30E-ABE590F79EF4}"
EndProject
Project("{2150E333-8FDC-42A3-9474-1A3956D46DE8}") = "Services", "Services", "{07F09C6B-A6FA-4B2C-A1BF-36F7966FBE09}"
EndProject
Project("{9A19103F-16F7-4668-BE54-9A1E7A4F7556}") = "EmployeeService", "Services\EmployeeService\EmployeeService.csproj", "{C548A2AF-5BA2-4350-8A31-1EADDD174E4B}"
EndProject
Project("{9A19103F-16F7-4668-BE54-9A1E7A4F7556}") = "AdminService", "Services\AdminService\AdminService.csproj", "{B6DFA7A1-8E9D-4FD6-9BAC-96DD55A6B561}"
EndProject
Project("{2150E333-8FDC-42A3-9474-1A3956D46DE8}") = "Providers", "Providers", "{AC64D767-0304-4CA2-9B1F-DEF2CE56799D}"
EndProject
Project("{9A19103F-16F7-4668-BE54-9A1E7A4F7556}") = "AWSDynamoDBProvider", "Providers\AWSDynamoDBProvider\AWSDynamoDBProvider.csproj", "{754C48FC-7951-43F6-9379-21C4055D84A1}"
EndProject
Project("{2150E333-8FDC-42A3-9474-1A3956D46DE8}") = "Core", "Core", "{0E4ACBA3-963A-429D-A28F-D8041E3E258F}"
EndProject
Project("{9A19103F-16F7-4668-BE54-9A1E7A4F7556}") = "Contracts", "Core\Contracts\Contracts.csproj", "{339DC7E5-2609-4CC4-B771-E74B32FE531E}"
EndProject
Global
	GlobalSection(SolutionConfigurationPlatforms) = preSolution
		Debug|Any CPU = Debug|Any CPU
		Release|Any CPU = Release|Any CPU
	EndGlobalSection
	GlobalSection(ProjectConfigurationPlatforms) = postSolution
		{C32B1468-DFC0-4EE8-B30E-ABE590F79EF4}.Debug|Any CPU.ActiveCfg = Debug|Any CPU
		{C32B1468-DFC0-4EE8-B30E-ABE590F79EF4}.Debug|Any CPU.Build.0 = Debug|Any CPU
		{C32B1468-DFC0-4EE8-B30E-ABE590F79EF4}.Release|Any CPU.ActiveCfg = Release|Any CPU
		{C32B1468-DFC0-4EE8-B30E-ABE590F79EF4}.Release|Any CPU.Build.0 = Release|Any CPU
		{C548A2AF-5BA2-4350-8A31-1EADDD174E4B}.Debug|Any CPU.ActiveCfg = Debug|Any CPU
		{C548A2AF-5BA2-4350-8A31-1EADDD174E4B}.Debug|Any CPU.Build.0 = Debug|Any CPU
		{C548A2AF-5BA2-4350-8A31-1EADDD174E4B}.Release|Any CPU.ActiveCfg = Release|Any CPU
		{C548A2AF-5BA2-4350-8A31-1EADDD174E4B}.Release|Any CPU.Build.0 = Release|Any CPU
		{B6DFA7A1-8E9D-4FD6-9BAC-96DD55A6B561}.Debug|Any CPU.ActiveCfg = Debug|Any CPU
		{B6DFA7A1-8E9D-4FD6-9BAC-96DD55A6B561}.Debug|Any CPU.Build.0 = Debug|Any CPU
		{B6DFA7A1-8E9D-4FD6-9BAC-96DD55A6B561}.Release|Any CPU.ActiveCfg = Release|Any CPU
		{B6DFA7A1-8E9D-4FD6-9BAC-96DD55A6B561}.Release|Any CPU.Build.0 = Release|Any CPU
		{754C48FC-7951-43F6-9379-21C4055D84A1}.Debug|Any CPU.ActiveCfg = Debug|Any CPU
		{754C48FC-7951-43F6-9379-21C4055D84A1}.Debug|Any CPU.Build.0 = Debug|Any CPU
		{754C48FC-7951-43F6-9379-21C4055D84A1}.Release|Any CPU.ActiveCfg = Release|Any CPU
		{754C48FC-7951-43F6-9379-21C4055D84A1}.Release|Any CPU.Build.0 = Release|Any CPU
		{339DC7E5-2609-4CC4-B771-E74B32FE531E}.Debug|Any CPU.ActiveCfg = Debug|Any CPU
		{339DC7E5-2609-4CC4-B771-E74B32FE531E}.Debug|Any CPU.Build.0 = Debug|Any CPU
		{339DC7E5-2609-4CC4-B771-E74B32FE531E}.Release|Any CPU.ActiveCfg = Release|Any CPU
		{339DC7E5-2609-4CC4-B771-E74B32FE531E}.Release|Any CPU.Build.0 = Release|Any CPU
	EndGlobalSection
	GlobalSection(SolutionProperties) = preSolution
		HideSolutionNode = FALSE
	EndGlobalSection
	GlobalSection(NestedProjects) = preSolution
		{C548A2AF-5BA2-4350-8A31-1EADDD174E4B} = {07F09C6B-A6FA-4B2C-A1BF-36F7966FBE09}
		{B6DFA7A1-8E9D-4FD6-9BAC-96DD55A6B561} = {07F09C6B-A6FA-4B2C-A1BF-36F7966FBE09}
		{754C48FC-7951-43F6-9379-21C4055D84A1} = {AC64D767-0304-4CA2-9B1F-DEF2CE56799D}
		{339DC7E5-2609-4CC4-B771-E74B32FE531E} = {0E4ACBA3-963A-429D-A28F-D8041E3E258F}
	EndGlobalSection
	GlobalSection(ExtensibilityGlobals) = postSolution
		SolutionGuid = {9661CC36-1876-4486-89DA-C21E99B2E550}
	EndGlobalSection
EndGlobal
